// !$*UTF8*$!
{
	archiveVersion = 1;
	classes = {
	};
	objectVersion = 46;
	objects = {

/* Begin PBXBuildFile section */
		5901CCC51C7E061500656CE1 /* main.m in Sources */ = {isa = PBXBuildFile; fileRef = 5901CCC41C7E061500656CE1 /* main.m */; };
		5901CCC81C7E061500656CE1 /* AppDelegate.m in Sources */ = {isa = PBXBuildFile; fileRef = 5901CCC71C7E061500656CE1 /* AppDelegate.m */; };
		5901CCCE1C7E061500656CE1 /* Main.storyboard in Resources */ = {isa = PBXBuildFile; fileRef = 5901CCCC1C7E061500656CE1 /* Main.storyboard */; };
		5901CCD01C7E061500656CE1 /* Assets.xcassets in Resources */ = {isa = PBXBuildFile; fileRef = 5901CCCF1C7E061500656CE1 /* Assets.xcassets */; };
		5901CCD31C7E061500656CE1 /* LaunchScreen.storyboard in Resources */ = {isa = PBXBuildFile; fileRef = 5901CCD11C7E061500656CE1 /* LaunchScreen.storyboard */; };
		5901CCEA1C7E2B2E00656CE1 /* LoginTableViewController.m in Sources */ = {isa = PBXBuildFile; fileRef = 5901CCE91C7E2B2E00656CE1 /* LoginTableViewController.m */; };
		5901CCF31C7E2CEA00656CE1 /* RawQueryViewController.m in Sources */ = {isa = PBXBuildFile; fileRef = 5901CCF21C7E2CEA00656CE1 /* RawQueryViewController.m */; };
		5901CCF61C7E2E0200656CE1 /* RawQuerySetupTableViewController.m in Sources */ = {isa = PBXBuildFile; fileRef = 5901CCF51C7E2E0200656CE1 /* RawQuerySetupTableViewController.m */; };
		5901CCFA1C7E33A700656CE1 /* DBManager.m in Sources */ = {isa = PBXBuildFile; fileRef = 5901CCF91C7E33A700656CE1 /* DBManager.m */; };
		597096B01C7EC0AC0080B59B /* OTVSeries.db in Resources */ = {isa = PBXBuildFile; fileRef = 597096AF1C7EC0AC0080B59B /* OTVSeries.db */; };
		597096B81C7ED8FD0080B59B /* FavouritesTableViewController.m in Sources */ = {isa = PBXBuildFile; fileRef = 597096B71C7ED8FD0080B59B /* FavouritesTableViewController.m */; };
		597096BC1C7ED9090080B59B /* MyShowsTableViewController.m in Sources */ = {isa = PBXBuildFile; fileRef = 597096BB1C7ED9090080B59B /* MyShowsTableViewController.m */; };
		597096BF1C7ED9140080B59B /* ToWatchTableViewController.m in Sources */ = {isa = PBXBuildFile; fileRef = 597096BE1C7ED9140080B59B /* ToWatchTableViewController.m */; };
		597096C31C7EDA620080B59B /* AddShowTableViewController.m in Sources */ = {isa = PBXBuildFile; fileRef = 597096C21C7EDA620080B59B /* AddShowTableViewController.m */; };
		598F5FD81C7EE70700BD59A8 /* TVShow.m in Sources */ = {isa = PBXBuildFile; fileRef = 598F5FD71C7EE70700BD59A8 /* TVShow.m */; };
		598F5FDC1C7EEEE300BD59A8 /* ShowsTableViewCell.m in Sources */ = {isa = PBXBuildFile; fileRef = 598F5FDB1C7EEEE300BD59A8 /* ShowsTableViewCell.m */; };
		598F5FE01C7EF11400BD59A8 /* UIImage+ImageEffects.m in Sources */ = {isa = PBXBuildFile; fileRef = 598F5FDF1C7EF11400BD59A8 /* UIImage+ImageEffects.m */; };
		598F5FE81C7EF17C00BD59A8 /* DynamicLabel.m in Sources */ = {isa = PBXBuildFile; fileRef = 598F5FE31C7EF17C00BD59A8 /* DynamicLabel.m */; };
		598F5FE91C7EF17C00BD59A8 /* RoundedLabel.m in Sources */ = {isa = PBXBuildFile; fileRef = 598F5FE51C7EF17C00BD59A8 /* RoundedLabel.m */; };
		598F5FEA1C7EF17C00BD59A8 /* UnderlinedLabel.m in Sources */ = {isa = PBXBuildFile; fileRef = 598F5FE71C7EF17C00BD59A8 /* UnderlinedLabel.m */; };
		598F5FEE1C7F219000BD59A8 /* ShowDetailViewController.m in Sources */ = {isa = PBXBuildFile; fileRef = 598F5FED1C7F219000BD59A8 /* ShowDetailViewController.m */; };
		598F5FF11C7F255200BD59A8 /* DoubleUnderlinedLabel.m in Sources */ = {isa = PBXBuildFile; fileRef = 598F5FF01C7F255200BD59A8 /* DoubleUnderlinedLabel.m */; };
		598F5FF51C7F260900BD59A8 /* Episode.m in Sources */ = {isa = PBXBuildFile; fileRef = 598F5FF41C7F260900BD59A8 /* Episode.m */; };
		598F5FF91C7F32E900BD59A8 /* EpisodeDetailViewController.m in Sources */ = {isa = PBXBuildFile; fileRef = 598F5FF81C7F32E900BD59A8 /* EpisodeDetailViewController.m */; };
		598F5FFD1C7F390300BD59A8 /* GCPlaceholderTextView.m in Sources */ = {isa = PBXBuildFile; fileRef = 598F5FFC1C7F390300BD59A8 /* GCPlaceholderTextView.m */; };
		598F60011C7F395B00BD59A8 /* AddCommentTableViewController.m in Sources */ = {isa = PBXBuildFile; fileRef = 598F60001C7F395B00BD59A8 /* AddCommentTableViewController.m */; };
		598F60061C7F3BF800BD59A8 /* Comment.m in Sources */ = {isa = PBXBuildFile; fileRef = 598F60051C7F3BF800BD59A8 /* Comment.m */; };
		598F600D1C7F50D300BD59A8 /* ZUser.m in Sources */ = {isa = PBXBuildFile; fileRef = 598F600C1C7F50D300BD59A8 /* ZUser.m */; };
		598F60121C7F5E2800BD59A8 /* AkiraTextField.swift in Sources */ = {isa = PBXBuildFile; fileRef = 598F600F1C7F5E2800BD59A8 /* AkiraTextField.swift */; };
		598F60131C7F5E2800BD59A8 /* KaedeTextField.swift in Sources */ = {isa = PBXBuildFile; fileRef = 598F60101C7F5E2800BD59A8 /* KaedeTextField.swift */; };
		598F60141C7F5E2800BD59A8 /* YokoTextField.swift in Sources */ = {isa = PBXBuildFile; fileRef = 598F60111C7F5E2800BD59A8 /* YokoTextField.swift */; };
		598F60161C7F5E5C00BD59A8 /* TextFieldsEffects.swift in Sources */ = {isa = PBXBuildFile; fileRef = 598F60151C7F5E5C00BD59A8 /* TextFieldsEffects.swift */; };
		8AED85CA7413BD9C6AB46B99 /* libPods-zTV Series.a in Frameworks */ = {isa = PBXBuildFile; fileRef = 5A2576276E47C337B13DB973 /* libPods-zTV Series.a */; };
/* End PBXBuildFile section */

/* Begin PBXFileReference section */
		1279295856E3C7C11C75B5A0 /* Pods-zTV Series.release.xcconfig */ = {isa = PBXFileReference; includeInIndex = 1; lastKnownFileType = text.xcconfig; name = "Pods-zTV Series.release.xcconfig"; path = "Pods/Target Support Files/Pods-zTV Series/Pods-zTV Series.release.xcconfig"; sourceTree = "<group>"; };
		5901CCC01C7E061500656CE1 /* zTV Series.app */ = {isa = PBXFileReference; explicitFileType = wrapper.application; includeInIndex = 0; path = "zTV Series.app"; sourceTree = BUILT_PRODUCTS_DIR; };
		5901CCC41C7E061500656CE1 /* main.m */ = {isa = PBXFileReference; lastKnownFileType = sourcecode.c.objc; path = main.m; sourceTree = "<group>"; };
		5901CCC61C7E061500656CE1 /* AppDelegate.h */ = {isa = PBXFileReference; lastKnownFileType = sourcecode.c.h; path = AppDelegate.h; sourceTree = "<group>"; };
		5901CCC71C7E061500656CE1 /* AppDelegate.m */ = {isa = PBXFileReference; lastKnownFileType = sourcecode.c.objc; path = AppDelegate.m; sourceTree = "<group>"; };
		5901CCCD1C7E061500656CE1 /* Base */ = {isa = PBXFileReference; lastKnownFileType = file.storyboard; name = Base; path = Base.lproj/Main.storyboard; sourceTree = "<group>"; };
		5901CCCF1C7E061500656CE1 /* Assets.xcassets */ = {isa = PBXFileReference; lastKnownFileType = folder.assetcatalog; path = Assets.xcassets; sourceTree = "<group>"; };
		5901CCD21C7E061500656CE1 /* Base */ = {isa = PBXFileReference; lastKnownFileType = file.storyboard; name = Base; path = Base.lproj/LaunchScreen.storyboard; sourceTree = "<group>"; };
		5901CCD41C7E061500656CE1 /* Info.plist */ = {isa = PBXFileReference; lastKnownFileType = text.plist.xml; path = Info.plist; sourceTree = "<group>"; };
		5901CCE01C7E070D00656CE1 /* PrefixHeader.pch */ = {isa = PBXFileReference; fileEncoding = 4; lastKnownFileType = sourcecode.c.h; path = PrefixHeader.pch; sourceTree = "<group>"; };
		5901CCE81C7E2B2E00656CE1 /* LoginTableViewController.h */ = {isa = PBXFileReference; fileEncoding = 4; lastKnownFileType = sourcecode.c.h; name = LoginTableViewController.h; path = Controllers/LoginTableViewController.h; sourceTree = "<group>"; };
		5901CCE91C7E2B2E00656CE1 /* LoginTableViewController.m */ = {isa = PBXFileReference; fileEncoding = 4; lastKnownFileType = sourcecode.c.objc; name = LoginTableViewController.m; path = Controllers/LoginTableViewController.m; sourceTree = "<group>"; };
		5901CCF11C7E2CEA00656CE1 /* RawQueryViewController.h */ = {isa = PBXFileReference; fileEncoding = 4; lastKnownFileType = sourcecode.c.h; name = RawQueryViewController.h; path = Controllers/RawQueryViewController.h; sourceTree = "<group>"; };
		5901CCF21C7E2CEA00656CE1 /* RawQueryViewController.m */ = {isa = PBXFileReference; fileEncoding = 4; lastKnownFileType = sourcecode.c.objc; name = RawQueryViewController.m; path = Controllers/RawQueryViewController.m; sourceTree = "<group>"; };
		5901CCF41C7E2E0200656CE1 /* RawQuerySetupTableViewController.h */ = {isa = PBXFileReference; fileEncoding = 4; lastKnownFileType = sourcecode.c.h; name = RawQuerySetupTableViewController.h; path = Controllers/RawQuerySetupTableViewController.h; sourceTree = "<group>"; };
		5901CCF51C7E2E0200656CE1 /* RawQuerySetupTableViewController.m */ = {isa = PBXFileReference; fileEncoding = 4; lastKnownFileType = sourcecode.c.objc; name = RawQuerySetupTableViewController.m; path = Controllers/RawQuerySetupTableViewController.m; sourceTree = "<group>"; };
		5901CCF81C7E33A700656CE1 /* DBManager.h */ = {isa = PBXFileReference; fileEncoding = 4; lastKnownFileType = sourcecode.c.h; name = DBManager.h; path = Model/DBManager.h; sourceTree = "<group>"; };
		5901CCF91C7E33A700656CE1 /* DBManager.m */ = {isa = PBXFileReference; fileEncoding = 4; lastKnownFileType = sourcecode.c.objc; name = DBManager.m; path = Model/DBManager.m; sourceTree = "<group>"; };
		597096AF1C7EC0AC0080B59B /* OTVSeries.db */ = {isa = PBXFileReference; lastKnownFileType = file; path = OTVSeries.db; sourceTree = "<group>"; };
		597096B61C7ED8FD0080B59B /* FavouritesTableViewController.h */ = {isa = PBXFileReference; fileEncoding = 4; lastKnownFileType = sourcecode.c.h; name = FavouritesTableViewController.h; path = Controllers/FavouritesTableViewController.h; sourceTree = "<group>"; };
		597096B71C7ED8FD0080B59B /* FavouritesTableViewController.m */ = {isa = PBXFileReference; fileEncoding = 4; lastKnownFileType = sourcecode.c.objc; name = FavouritesTableViewController.m; path = Controllers/FavouritesTableViewController.m; sourceTree = "<group>"; };
		597096BA1C7ED9090080B59B /* MyShowsTableViewController.h */ = {isa = PBXFileReference; fileEncoding = 4; lastKnownFileType = sourcecode.c.h; name = MyShowsTableViewController.h; path = Controllers/MyShowsTableViewController.h; sourceTree = "<group>"; };
		597096BB1C7ED9090080B59B /* MyShowsTableViewController.m */ = {isa = PBXFileReference; fileEncoding = 4; lastKnownFileType = sourcecode.c.objc; name = MyShowsTableViewController.m; path = Controllers/MyShowsTableViewController.m; sourceTree = "<group>"; };
		597096BD1C7ED9140080B59B /* ToWatchTableViewController.h */ = {isa = PBXFileReference; fileEncoding = 4; lastKnownFileType = sourcecode.c.h; name = ToWatchTableViewController.h; path = Controllers/ToWatchTableViewController.h; sourceTree = "<group>"; };
		597096BE1C7ED9140080B59B /* ToWatchTableViewController.m */ = {isa = PBXFileReference; fileEncoding = 4; lastKnownFileType = sourcecode.c.objc; name = ToWatchTableViewController.m; path = Controllers/ToWatchTableViewController.m; sourceTree = "<group>"; };
		597096C11C7EDA620080B59B /* AddShowTableViewController.h */ = {isa = PBXFileReference; fileEncoding = 4; lastKnownFileType = sourcecode.c.h; name = AddShowTableViewController.h; path = Controllers/AddShowTableViewController.h; sourceTree = "<group>"; };
		597096C21C7EDA620080B59B /* AddShowTableViewController.m */ = {isa = PBXFileReference; fileEncoding = 4; lastKnownFileType = sourcecode.c.objc; name = AddShowTableViewController.m; path = Controllers/AddShowTableViewController.m; sourceTree = "<group>"; };
		598F5FD61C7EE70700BD59A8 /* TVShow.h */ = {isa = PBXFileReference; fileEncoding = 4; lastKnownFileType = sourcecode.c.h; name = TVShow.h; path = Model/TVShow.h; sourceTree = "<group>"; };
		598F5FD71C7EE70700BD59A8 /* TVShow.m */ = {isa = PBXFileReference; fileEncoding = 4; lastKnownFileType = sourcecode.c.objc; name = TVShow.m; path = Model/TVShow.m; sourceTree = "<group>"; };
		598F5FDA1C7EEEE300BD59A8 /* ShowsTableViewCell.h */ = {isa = PBXFileReference; fileEncoding = 4; lastKnownFileType = sourcecode.c.h; name = ShowsTableViewCell.h; path = Cells/ShowsTableViewCell.h; sourceTree = "<group>"; };
		598F5FDB1C7EEEE300BD59A8 /* ShowsTableViewCell.m */ = {isa = PBXFileReference; fileEncoding = 4; lastKnownFileType = sourcecode.c.objc; name = ShowsTableViewCell.m; path = Cells/ShowsTableViewCell.m; sourceTree = "<group>"; };
		598F5FDE1C7EF11400BD59A8 /* UIImage+ImageEffects.h */ = {isa = PBXFileReference; fileEncoding = 4; lastKnownFileType = sourcecode.c.h; path = "UIImage+ImageEffects.h"; sourceTree = "<group>"; };
		598F5FDF1C7EF11400BD59A8 /* UIImage+ImageEffects.m */ = {isa = PBXFileReference; fileEncoding = 4; lastKnownFileType = sourcecode.c.objc; path = "UIImage+ImageEffects.m"; sourceTree = "<group>"; };
		598F5FE21C7EF17C00BD59A8 /* DynamicLabel.h */ = {isa = PBXFileReference; fileEncoding = 4; lastKnownFileType = sourcecode.c.h; path = DynamicLabel.h; sourceTree = "<group>"; };
		598F5FE31C7EF17C00BD59A8 /* DynamicLabel.m */ = {isa = PBXFileReference; fileEncoding = 4; lastKnownFileType = sourcecode.c.objc; path = DynamicLabel.m; sourceTree = "<group>"; };
		598F5FE41C7EF17C00BD59A8 /* RoundedLabel.h */ = {isa = PBXFileReference; fileEncoding = 4; lastKnownFileType = sourcecode.c.h; path = RoundedLabel.h; sourceTree = "<group>"; };
		598F5FE51C7EF17C00BD59A8 /* RoundedLabel.m */ = {isa = PBXFileReference; fileEncoding = 4; lastKnownFileType = sourcecode.c.objc; path = RoundedLabel.m; sourceTree = "<group>"; };
		598F5FE61C7EF17C00BD59A8 /* UnderlinedLabel.h */ = {isa = PBXFileReference; fileEncoding = 4; lastKnownFileType = sourcecode.c.h; path = UnderlinedLabel.h; sourceTree = "<group>"; };
		598F5FE71C7EF17C00BD59A8 /* UnderlinedLabel.m */ = {isa = PBXFileReference; fileEncoding = 4; lastKnownFileType = sourcecode.c.objc; path = UnderlinedLabel.m; sourceTree = "<group>"; };
		598F5FEC1C7F219000BD59A8 /* ShowDetailViewController.h */ = {isa = PBXFileReference; fileEncoding = 4; lastKnownFileType = sourcecode.c.h; name = ShowDetailViewController.h; path = Controllers/ShowDetailViewController.h; sourceTree = "<group>"; };
		598F5FED1C7F219000BD59A8 /* ShowDetailViewController.m */ = {isa = PBXFileReference; fileEncoding = 4; lastKnownFileType = sourcecode.c.objc; name = ShowDetailViewController.m; path = Controllers/ShowDetailViewController.m; sourceTree = "<group>"; };
		598F5FEF1C7F255200BD59A8 /* DoubleUnderlinedLabel.h */ = {isa = PBXFileReference; fileEncoding = 4; lastKnownFileType = sourcecode.c.h; path = DoubleUnderlinedLabel.h; sourceTree = "<group>"; };
		598F5FF01C7F255200BD59A8 /* DoubleUnderlinedLabel.m */ = {isa = PBXFileReference; fileEncoding = 4; lastKnownFileType = sourcecode.c.objc; path = DoubleUnderlinedLabel.m; sourceTree = "<group>"; };
		598F5FF31C7F260900BD59A8 /* Episode.h */ = {isa = PBXFileReference; fileEncoding = 4; lastKnownFileType = sourcecode.c.h; name = Episode.h; path = Model/Episode.h; sourceTree = "<group>"; };
		598F5FF41C7F260900BD59A8 /* Episode.m */ = {isa = PBXFileReference; fileEncoding = 4; lastKnownFileType = sourcecode.c.objc; name = Episode.m; path = Model/Episode.m; sourceTree = "<group>"; };
		598F5FF71C7F32E900BD59A8 /* EpisodeDetailViewController.h */ = {isa = PBXFileReference; fileEncoding = 4; lastKnownFileType = sourcecode.c.h; name = EpisodeDetailViewController.h; path = Controllers/EpisodeDetailViewController.h; sourceTree = "<group>"; };
		598F5FF81C7F32E900BD59A8 /* EpisodeDetailViewController.m */ = {isa = PBXFileReference; fileEncoding = 4; lastKnownFileType = sourcecode.c.objc; name = EpisodeDetailViewController.m; path = Controllers/EpisodeDetailViewController.m; sourceTree = "<group>"; };
		598F5FFB1C7F390300BD59A8 /* GCPlaceholderTextView.h */ = {isa = PBXFileReference; fileEncoding = 4; lastKnownFileType = sourcecode.c.h; path = GCPlaceholderTextView.h; sourceTree = "<group>"; };
		598F5FFC1C7F390300BD59A8 /* GCPlaceholderTextView.m */ = {isa = PBXFileReference; fileEncoding = 4; lastKnownFileType = sourcecode.c.objc; path = GCPlaceholderTextView.m; sourceTree = "<group>"; };
		598F5FFF1C7F395B00BD59A8 /* AddCommentTableViewController.h */ = {isa = PBXFileReference; fileEncoding = 4; lastKnownFileType = sourcecode.c.h; name = AddCommentTableViewController.h; path = Controllers/AddCommentTableViewController.h; sourceTree = "<group>"; };
		598F60001C7F395B00BD59A8 /* AddCommentTableViewController.m */ = {isa = PBXFileReference; fileEncoding = 4; lastKnownFileType = sourcecode.c.objc; name = AddCommentTableViewController.m; path = Controllers/AddCommentTableViewController.m; sourceTree = "<group>"; };
		598F60041C7F3BF800BD59A8 /* Comment.h */ = {isa = PBXFileReference; fileEncoding = 4; lastKnownFileType = sourcecode.c.h; name = Comment.h; path = Model/Comment.h; sourceTree = "<group>"; };
		598F60051C7F3BF800BD59A8 /* Comment.m */ = {isa = PBXFileReference; fileEncoding = 4; lastKnownFileType = sourcecode.c.objc; name = Comment.m; path = Model/Comment.m; sourceTree = "<group>"; };
		598F600B1C7F50D300BD59A8 /* ZUser.h */ = {isa = PBXFileReference; fileEncoding = 4; lastKnownFileType = sourcecode.c.h; name = ZUser.h; path = Model/ZUser.h; sourceTree = "<group>"; };
		598F600C1C7F50D300BD59A8 /* ZUser.m */ = {isa = PBXFileReference; fileEncoding = 4; lastKnownFileType = sourcecode.c.objc; name = ZUser.m; path = Model/ZUser.m; sourceTree = "<group>"; };
		598F600F1C7F5E2800BD59A8 /* AkiraTextField.swift */ = {isa = PBXFileReference; fileEncoding = 4; lastKnownFileType = sourcecode.swift; path = AkiraTextField.swift; sourceTree = "<group>"; };
		598F60101C7F5E2800BD59A8 /* KaedeTextField.swift */ = {isa = PBXFileReference; fileEncoding = 4; lastKnownFileType = sourcecode.swift; path = KaedeTextField.swift; sourceTree = "<group>"; };
		598F60111C7F5E2800BD59A8 /* YokoTextField.swift */ = {isa = PBXFileReference; fileEncoding = 4; lastKnownFileType = sourcecode.swift; path = YokoTextField.swift; sourceTree = "<group>"; };
		598F60151C7F5E5C00BD59A8 /* TextFieldsEffects.swift */ = {isa = PBXFileReference; fileEncoding = 4; lastKnownFileType = sourcecode.swift; path = TextFieldsEffects.swift; sourceTree = "<group>"; };
		5A2576276E47C337B13DB973 /* libPods-zTV Series.a */ = {isa = PBXFileReference; explicitFileType = archive.ar; includeInIndex = 0; path = "libPods-zTV Series.a"; sourceTree = BUILT_PRODUCTS_DIR; };
		69C30FE83D13ABC3971E672F /* Pods-zTV Series.debug.xcconfig */ = {isa = PBXFileReference; includeInIndex = 1; lastKnownFileType = text.xcconfig; name = "Pods-zTV Series.debug.xcconfig"; path = "Pods/Target Support Files/Pods-zTV Series/Pods-zTV Series.debug.xcconfig"; sourceTree = "<group>"; };
/* End PBXFileReference section */

/* Begin PBXFrameworksBuildPhase section */
		5901CCBD1C7E061500656CE1 /* Frameworks */ = {
			isa = PBXFrameworksBuildPhase;
			buildActionMask = 2147483647;
			files = (
				8AED85CA7413BD9C6AB46B99 /* libPods-zTV Series.a in Frameworks */,
			);
			runOnlyForDeploymentPostprocessing = 0;
		};
/* End PBXFrameworksBuildPhase section */

/* Begin PBXGroup section */
		0398B2B62C5D6583B8B1BAF2 /* Pods */ = {
			isa = PBXGroup;
			children = (
				69C30FE83D13ABC3971E672F /* Pods-zTV Series.debug.xcconfig */,
				1279295856E3C7C11C75B5A0 /* Pods-zTV Series.release.xcconfig */,
			);
			name = Pods;
			sourceTree = "<group>";
		};
		5901CCB71C7E061500656CE1 = {
			isa = PBXGroup;
			children = (
				5901CCC21C7E061500656CE1 /* zTV Series */,
				5901CCC11C7E061500656CE1 /* Products */,
				0398B2B62C5D6583B8B1BAF2 /* Pods */,
				C4DBDD6AD1A7C5778BE05048 /* Frameworks */,
			);
			sourceTree = "<group>";
		};
		5901CCC11C7E061500656CE1 /* Products */ = {
			isa = PBXGroup;
			children = (
				5901CCC01C7E061500656CE1 /* zTV Series.app */,
			);
			name = Products;
			sourceTree = "<group>";
		};
		5901CCC21C7E061500656CE1 /* zTV Series */ = {
			isa = PBXGroup;
			children = (
				5901CCCF1C7E061500656CE1 /* Assets.xcassets */,
				5901CCEF1C7E2C3B00656CE1 /* Libraries */,
				5901CCDA1C7E062300656CE1 /* App Delegate */,
				5901CCDF1C7E065B00656CE1 /* Model */,
				5901CCDE1C7E064700656CE1 /* Views */,
				5901CCDB1C7E062A00656CE1 /* Controllers */,
				5901CCC31C7E061500656CE1 /* Supporting Files */,
			);
			path = "zTV Series";
			sourceTree = "<group>";
		};
		5901CCC31C7E061500656CE1 /* Supporting Files */ = {
			isa = PBXGroup;
			children = (
				597096AF1C7EC0AC0080B59B /* OTVSeries.db */,
				5901CCE01C7E070D00656CE1 /* PrefixHeader.pch */,
				5901CCD41C7E061500656CE1 /* Info.plist */,
				5901CCC41C7E061500656CE1 /* main.m */,
			);
			name = "Supporting Files";
			sourceTree = "<group>";
		};
		5901CCDA1C7E062300656CE1 /* App Delegate */ = {
			isa = PBXGroup;
			children = (
				5901CCC61C7E061500656CE1 /* AppDelegate.h */,
				5901CCC71C7E061500656CE1 /* AppDelegate.m */,
			);
			name = "App Delegate";
			sourceTree = "<group>";
		};
		5901CCDB1C7E062A00656CE1 /* Controllers */ = {
			isa = PBXGroup;
			children = (
				5901CCDC1C7E063500656CE1 /* Login */,
				5901CCDD1C7E063800656CE1 /* Tab Bar VCs */,
			);
			name = Controllers;
			sourceTree = "<group>";
		};
		5901CCDC1C7E063500656CE1 /* Login */ = {
			isa = PBXGroup;
			children = (
				5901CCE81C7E2B2E00656CE1 /* LoginTableViewController.h */,
				5901CCE91C7E2B2E00656CE1 /* LoginTableViewController.m */,
			);
			name = Login;
			sourceTree = "<group>";
		};
		5901CCDD1C7E063800656CE1 /* Tab Bar VCs */ = {
			isa = PBXGroup;
			children = (
				597096B41C7ED8EB0080B59B /* My Shows */,
				597096B51C7ED8EE0080B59B /* To Watch */,
				597096B31C7ED8E70080B59B /* Favourites */,
				5901CCF01C7E2CD700656CE1 /* Raw Query */,
			);
			name = "Tab Bar VCs";
			sourceTree = "<group>";
		};
		5901CCDE1C7E064700656CE1 /* Views */ = {
			isa = PBXGroup;
			children = (
				598F600E1C7F5E2800BD59A8 /* Text Fields */,
				598F5FE11C7EF17C00BD59A8 /* Labels */,
				598F5FD91C7EEECE00BD59A8 /* Cells */,
				597096AE1C7EBA540080B59B /* Launch */,
				5901CCCC1C7E061500656CE1 /* Main.storyboard */,
			);
			name = Views;
			sourceTree = "<group>";
		};
		5901CCDF1C7E065B00656CE1 /* Model */ = {
			isa = PBXGroup;
			children = (
				598F60071C7F411A00BD59A8 /* User */,
				598F60021C7F3BE800BD59A8 /* Comment */,
				598F5FD51C7EE6F900BD59A8 /* TVShow */,
				598F5FF21C7F25FA00BD59A8 /* Episode */,
				5901CCF71C7E337A00656CE1 /* DBManager */,
			);
			name = Model;
			sourceTree = "<group>";
		};
		5901CCEF1C7E2C3B00656CE1 /* Libraries */ = {
			isa = PBXGroup;
			children = (
				598F5FFA1C7F390300BD59A8 /* GCPlaceholderTextView */,
				598F5FDD1C7EF11400BD59A8 /* UIImage+ImageEffects */,
			);
			name = Libraries;
			sourceTree = "<group>";
		};
		5901CCF01C7E2CD700656CE1 /* Raw Query */ = {
			isa = PBXGroup;
			children = (
				5901CCF41C7E2E0200656CE1 /* RawQuerySetupTableViewController.h */,
				5901CCF51C7E2E0200656CE1 /* RawQuerySetupTableViewController.m */,
				5901CCF11C7E2CEA00656CE1 /* RawQueryViewController.h */,
				5901CCF21C7E2CEA00656CE1 /* RawQueryViewController.m */,
			);
			name = "Raw Query";
			sourceTree = "<group>";
		};
		5901CCF71C7E337A00656CE1 /* DBManager */ = {
			isa = PBXGroup;
			children = (
				5901CCF81C7E33A700656CE1 /* DBManager.h */,
				5901CCF91C7E33A700656CE1 /* DBManager.m */,
			);
			name = DBManager;
			sourceTree = "<group>";
		};
		597096AE1C7EBA540080B59B /* Launch */ = {
			isa = PBXGroup;
			children = (
				5901CCD11C7E061500656CE1 /* LaunchScreen.storyboard */,
			);
			name = Launch;
			sourceTree = "<group>";
		};
		597096B31C7ED8E70080B59B /* Favourites */ = {
			isa = PBXGroup;
			children = (
				597096B61C7ED8FD0080B59B /* FavouritesTableViewController.h */,
				597096B71C7ED8FD0080B59B /* FavouritesTableViewController.m */,
			);
			name = Favourites;
			sourceTree = "<group>";
		};
		597096B41C7ED8EB0080B59B /* My Shows */ = {
			isa = PBXGroup;
			children = (
				597096BA1C7ED9090080B59B /* MyShowsTableViewController.h */,
				597096BB1C7ED9090080B59B /* MyShowsTableViewController.m */,
				598F5FEB1C7F217200BD59A8 /* Show Detail */,
				598F5FF61C7F32D600BD59A8 /* Episode Detail */,
				597096C01C7EDA570080B59B /* Add */,
			);
			name = "My Shows";
			sourceTree = "<group>";
		};
		597096B51C7ED8EE0080B59B /* To Watch */ = {
			isa = PBXGroup;
			children = (
				597096BD1C7ED9140080B59B /* ToWatchTableViewController.h */,
				597096BE1C7ED9140080B59B /* ToWatchTableViewController.m */,
			);
			name = "To Watch";
			sourceTree = "<group>";
		};
		597096C01C7EDA570080B59B /* Add */ = {
			isa = PBXGroup;
			children = (
				597096C11C7EDA620080B59B /* AddShowTableViewController.h */,
				597096C21C7EDA620080B59B /* AddShowTableViewController.m */,
			);
			name = Add;
			sourceTree = "<group>";
		};
		598F5FD51C7EE6F900BD59A8 /* TVShow */ = {
			isa = PBXGroup;
			children = (
				598F5FD61C7EE70700BD59A8 /* TVShow.h */,
				598F5FD71C7EE70700BD59A8 /* TVShow.m */,
			);
			name = TVShow;
			sourceTree = "<group>";
		};
		598F5FD91C7EEECE00BD59A8 /* Cells */ = {
			isa = PBXGroup;
			children = (
				598F5FDA1C7EEEE300BD59A8 /* ShowsTableViewCell.h */,
				598F5FDB1C7EEEE300BD59A8 /* ShowsTableViewCell.m */,
			);
			name = Cells;
			sourceTree = "<group>";
		};
		598F5FDD1C7EF11400BD59A8 /* UIImage+ImageEffects */ = {
			isa = PBXGroup;
			children = (
				598F5FDE1C7EF11400BD59A8 /* UIImage+ImageEffects.h */,
				598F5FDF1C7EF11400BD59A8 /* UIImage+ImageEffects.m */,
			);
			path = "UIImage+ImageEffects";
			sourceTree = "<group>";
		};
		598F5FE11C7EF17C00BD59A8 /* Labels */ = {
			isa = PBXGroup;
			children = (
				598F5FEF1C7F255200BD59A8 /* DoubleUnderlinedLabel.h */,
				598F5FF01C7F255200BD59A8 /* DoubleUnderlinedLabel.m */,
				598F5FE21C7EF17C00BD59A8 /* DynamicLabel.h */,
				598F5FE31C7EF17C00BD59A8 /* DynamicLabel.m */,
				598F5FE41C7EF17C00BD59A8 /* RoundedLabel.h */,
				598F5FE51C7EF17C00BD59A8 /* RoundedLabel.m */,
				598F5FE61C7EF17C00BD59A8 /* UnderlinedLabel.h */,
				598F5FE71C7EF17C00BD59A8 /* UnderlinedLabel.m */,
			);
			path = Labels;
			sourceTree = "<group>";
		};
		598F5FEB1C7F217200BD59A8 /* Show Detail */ = {
			isa = PBXGroup;
			children = (
				598F5FEC1C7F219000BD59A8 /* ShowDetailViewController.h */,
				598F5FED1C7F219000BD59A8 /* ShowDetailViewController.m */,
			);
			name = "Show Detail";
			sourceTree = "<group>";
		};
		598F5FF21C7F25FA00BD59A8 /* Episode */ = {
			isa = PBXGroup;
			children = (
				598F5FF31C7F260900BD59A8 /* Episode.h */,
				598F5FF41C7F260900BD59A8 /* Episode.m */,
			);
			name = Episode;
			sourceTree = "<group>";
		};
		598F5FF61C7F32D600BD59A8 /* Episode Detail */ = {
			isa = PBXGroup;
			children = (
				598F5FF71C7F32E900BD59A8 /* EpisodeDetailViewController.h */,
				598F5FF81C7F32E900BD59A8 /* EpisodeDetailViewController.m */,
				598F5FFE1C7F394F00BD59A8 /* Add Comment */,
			);
			name = "Episode Detail";
			sourceTree = "<group>";
		};
		598F5FFA1C7F390300BD59A8 /* GCPlaceholderTextView */ = {
			isa = PBXGroup;
			children = (
				598F5FFB1C7F390300BD59A8 /* GCPlaceholderTextView.h */,
				598F5FFC1C7F390300BD59A8 /* GCPlaceholderTextView.m */,
			);
			path = GCPlaceholderTextView;
			sourceTree = "<group>";
		};
		598F5FFE1C7F394F00BD59A8 /* Add Comment */ = {
			isa = PBXGroup;
			children = (
				598F5FFF1C7F395B00BD59A8 /* AddCommentTableViewController.h */,
				598F60001C7F395B00BD59A8 /* AddCommentTableViewController.m */,
			);
			name = "Add Comment";
			sourceTree = "<group>";
		};
		598F60021C7F3BE800BD59A8 /* Comment */ = {
			isa = PBXGroup;
			children = (
				598F60041C7F3BF800BD59A8 /* Comment.h */,
				598F60051C7F3BF800BD59A8 /* Comment.m */,
			);
			name = Comment;
			sourceTree = "<group>";
		};
		598F60071C7F411A00BD59A8 /* User */ = {
			isa = PBXGroup;
			children = (
				598F600B1C7F50D300BD59A8 /* ZUser.h */,
				598F600C1C7F50D300BD59A8 /* ZUser.m */,
			);
			name = User;
			sourceTree = "<group>";
		};
		598F600E1C7F5E2800BD59A8 /* Text Fields */ = {
			isa = PBXGroup;
			children = (
				598F60151C7F5E5C00BD59A8 /* TextFieldsEffects.swift */,
				598F600F1C7F5E2800BD59A8 /* AkiraTextField.swift */,
				598F60101C7F5E2800BD59A8 /* KaedeTextField.swift */,
				598F60111C7F5E2800BD59A8 /* YokoTextField.swift */,
			);
			path = "Text Fields";
			sourceTree = "<group>";
		};
		C4DBDD6AD1A7C5778BE05048 /* Frameworks */ = {
			isa = PBXGroup;
			children = (
				5A2576276E47C337B13DB973 /* libPods-zTV Series.a */,
			);
			name = Frameworks;
			sourceTree = "<group>";
		};
/* End PBXGroup section */

/* Begin PBXNativeTarget section */
		5901CCBF1C7E061500656CE1 /* zTV Series */ = {
			isa = PBXNativeTarget;
			buildConfigurationList = 5901CCD71C7E061500656CE1 /* Build configuration list for PBXNativeTarget "zTV Series" */;
			buildPhases = (
				6BC5684C8862326D8842F427 /* Check Pods Manifest.lock */,
				5901CCBC1C7E061500656CE1 /* Sources */,
				5901CCBD1C7E061500656CE1 /* Frameworks */,
				5901CCBE1C7E061500656CE1 /* Resources */,
				9ED6622D72234326CC58A037 /* Embed Pods Frameworks */,
				5453373D193BB2086EC90CC6 /* Copy Pods Resources */,
			);
			buildRules = (
			);
			dependencies = (
			);
			name = "zTV Series";
			productName = "zTV Series";
			productReference = 5901CCC01C7E061500656CE1 /* zTV Series.app */;
			productType = "com.apple.product-type.application";
		};
/* End PBXNativeTarget section */

/* Begin PBXProject section */
		5901CCB81C7E061500656CE1 /* Project object */ = {
			isa = PBXProject;
			attributes = {
				LastUpgradeCheck = 0720;
				ORGANIZATIONNAME = avikantz;
				TargetAttributes = {
					5901CCBF1C7E061500656CE1 = {
						CreatedOnToolsVersion = 7.2;
					};
				};
			};
			buildConfigurationList = 5901CCBB1C7E061500656CE1 /* Build configuration list for PBXProject "zTV Series" */;
			compatibilityVersion = "Xcode 3.2";
			developmentRegion = English;
			hasScannedForEncodings = 0;
			knownRegions = (
				en,
				Base,
			);
			mainGroup = 5901CCB71C7E061500656CE1;
			productRefGroup = 5901CCC11C7E061500656CE1 /* Products */;
			projectDirPath = "";
			projectRoot = "";
			targets = (
				5901CCBF1C7E061500656CE1 /* zTV Series */,
			);
		};
/* End PBXProject section */

/* Begin PBXResourcesBuildPhase section */
		5901CCBE1C7E061500656CE1 /* Resources */ = {
			isa = PBXResourcesBuildPhase;
			buildActionMask = 2147483647;
			files = (
				597096B01C7EC0AC0080B59B /* OTVSeries.db in Resources */,
				5901CCD31C7E061500656CE1 /* LaunchScreen.storyboard in Resources */,
				5901CCD01C7E061500656CE1 /* Assets.xcassets in Resources */,
				5901CCCE1C7E061500656CE1 /* Main.storyboard in Resources */,
			);
			runOnlyForDeploymentPostprocessing = 0;
		};
/* End PBXResourcesBuildPhase section */

/* Begin PBXShellScriptBuildPhase section */
		5453373D193BB2086EC90CC6 /* Copy Pods Resources */ = {
			isa = PBXShellScriptBuildPhase;
			buildActionMask = 2147483647;
			files = (
			);
			inputPaths = (
			);
			name = "Copy Pods Resources";
			outputPaths = (
			);
			runOnlyForDeploymentPostprocessing = 0;
			shellPath = /bin/sh;
			shellScript = "\"${SRCROOT}/Pods/Target Support Files/Pods-zTV Series/Pods-zTV Series-resources.sh\"\n";
			showEnvVarsInLog = 0;
		};
		6BC5684C8862326D8842F427 /* Check Pods Manifest.lock */ = {
			isa = PBXShellScriptBuildPhase;
			buildActionMask = 2147483647;
			files = (
			);
			inputPaths = (
			);
			name = "Check Pods Manifest.lock";
			outputPaths = (
			);
			runOnlyForDeploymentPostprocessing = 0;
			shellPath = /bin/sh;
			shellScript = "diff \"${PODS_ROOT}/../Podfile.lock\" \"${PODS_ROOT}/Manifest.lock\" > /dev/null\nif [[ $? != 0 ]] ; then\n    cat << EOM\nerror: The sandbox is not in sync with the Podfile.lock. Run 'pod install' or update your CocoaPods installation.\nEOM\n    exit 1\nfi\n";
			showEnvVarsInLog = 0;
		};
		9ED6622D72234326CC58A037 /* Embed Pods Frameworks */ = {
			isa = PBXShellScriptBuildPhase;
			buildActionMask = 2147483647;
			files = (
			);
			inputPaths = (
			);
			name = "Embed Pods Frameworks";
			outputPaths = (
			);
			runOnlyForDeploymentPostprocessing = 0;
			shellPath = /bin/sh;
			shellScript = "\"${SRCROOT}/Pods/Target Support Files/Pods-zTV Series/Pods-zTV Series-frameworks.sh\"\n";
			showEnvVarsInLog = 0;
		};
/* End PBXShellScriptBuildPhase section */

/* Begin PBXSourcesBuildPhase section */
		5901CCBC1C7E061500656CE1 /* Sources */ = {
			isa = PBXSourcesBuildPhase;
			buildActionMask = 2147483647;
			files = (
				5901CCFA1C7E33A700656CE1 /* DBManager.m in Sources */,
				598F5FE01C7EF11400BD59A8 /* UIImage+ImageEffects.m in Sources */,
				597096B81C7ED8FD0080B59B /* FavouritesTableViewController.m in Sources */,
				598F600D1C7F50D300BD59A8 /* ZUser.m in Sources */,
				598F5FFD1C7F390300BD59A8 /* GCPlaceholderTextView.m in Sources */,
				5901CCC81C7E061500656CE1 /* AppDelegate.m in Sources */,
				5901CCEA1C7E2B2E00656CE1 /* LoginTableViewController.m in Sources */,
				598F60061C7F3BF800BD59A8 /* Comment.m in Sources */,
				5901CCC51C7E061500656CE1 /* main.m in Sources */,
				598F5FEA1C7EF17C00BD59A8 /* UnderlinedLabel.m in Sources */,
				598F60161C7F5E5C00BD59A8 /* TextFieldsEffects.swift in Sources */,
				597096BF1C7ED9140080B59B /* ToWatchTableViewController.m in Sources */,
				598F5FDC1C7EEEE300BD59A8 /* ShowsTableViewCell.m in Sources */,
				598F5FE81C7EF17C00BD59A8 /* DynamicLabel.m in Sources */,
				5901CCF31C7E2CEA00656CE1 /* RawQueryViewController.m in Sources */,
				598F60141C7F5E2800BD59A8 /* YokoTextField.swift in Sources */,
				598F60121C7F5E2800BD59A8 /* AkiraTextField.swift in Sources */,
				597096BC1C7ED9090080B59B /* MyShowsTableViewController.m in Sources */,
				598F60011C7F395B00BD59A8 /* AddCommentTableViewController.m in Sources */,
				598F5FF51C7F260900BD59A8 /* Episode.m in Sources */,
				598F5FEE1C7F219000BD59A8 /* ShowDetailViewController.m in Sources */,
				597096C31C7EDA620080B59B /* AddShowTableViewController.m in Sources */,
				598F60131C7F5E2800BD59A8 /* KaedeTextField.swift in Sources */,
				598F5FF91C7F32E900BD59A8 /* EpisodeDetailViewController.m in Sources */,
				598F5FE91C7EF17C00BD59A8 /* RoundedLabel.m in Sources */,
				598F5FD81C7EE70700BD59A8 /* TVShow.m in Sources */,
				5901CCF61C7E2E0200656CE1 /* RawQuerySetupTableViewController.m in Sources */,
				598F5FF11C7F255200BD59A8 /* DoubleUnderlinedLabel.m in Sources */,
			);
			runOnlyForDeploymentPostprocessing = 0;
		};
/* End PBXSourcesBuildPhase section */

/* Begin PBXVariantGroup section */
		5901CCCC1C7E061500656CE1 /* Main.storyboard */ = {
			isa = PBXVariantGroup;
			children = (
				5901CCCD1C7E061500656CE1 /* Base */,
			);
			name = Main.storyboard;
			sourceTree = "<group>";
		};
		5901CCD11C7E061500656CE1 /* LaunchScreen.storyboard */ = {
			isa = PBXVariantGroup;
			children = (
				5901CCD21C7E061500656CE1 /* Base */,
			);
			name = LaunchScreen.storyboard;
			sourceTree = "<group>";
		};
/* End PBXVariantGroup section */

/* Begin XCBuildConfiguration section */
		5901CCD51C7E061500656CE1 /* Debug */ = {
			isa = XCBuildConfiguration;
			buildSettings = {
				ALWAYS_SEARCH_USER_PATHS = NO;
				CLANG_CXX_LANGUAGE_STANDARD = "gnu++0x";
				CLANG_CXX_LIBRARY = "libc++";
				CLANG_ENABLE_MODULES = YES;
				CLANG_ENABLE_OBJC_ARC = YES;
				CLANG_WARN_BOOL_CONVERSION = YES;
				CLANG_WARN_CONSTANT_CONVERSION = YES;
				CLANG_WARN_DIRECT_OBJC_ISA_USAGE = YES_ERROR;
				CLANG_WARN_EMPTY_BODY = YES;
				CLANG_WARN_ENUM_CONVERSION = YES;
				CLANG_WARN_INT_CONVERSION = YES;
				CLANG_WARN_OBJC_ROOT_CLASS = YES_ERROR;
				CLANG_WARN_UNREACHABLE_CODE = YES;
				CLANG_WARN__DUPLICATE_METHOD_MATCH = YES;
				"CODE_SIGN_IDENTITY[sdk=iphoneos*]" = "iPhone Developer";
				COPY_PHASE_STRIP = NO;
				DEBUG_INFORMATION_FORMAT = dwarf;
				ENABLE_STRICT_OBJC_MSGSEND = YES;
				ENABLE_TESTABILITY = YES;
				GCC_C_LANGUAGE_STANDARD = gnu99;
				GCC_DYNAMIC_NO_PIC = NO;
				GCC_NO_COMMON_BLOCKS = YES;
				GCC_OPTIMIZATION_LEVEL = 0;
				GCC_PREPROCESSOR_DEFINITIONS = (
					"DEBUG=1",
					"$(inherited)",
				);
				GCC_WARN_64_TO_32_BIT_CONVERSION = YES;
				GCC_WARN_ABOUT_RETURN_TYPE = YES_ERROR;
				GCC_WARN_UNDECLARED_SELECTOR = YES;
				GCC_WARN_UNINITIALIZED_AUTOS = YES_AGGRESSIVE;
				GCC_WARN_UNUSED_FUNCTION = YES;
				GCC_WARN_UNUSED_VARIABLE = YES;
				IPHONEOS_DEPLOYMENT_TARGET = 9.2;
				MTL_ENABLE_DEBUG_INFO = YES;
				ONLY_ACTIVE_ARCH = YES;
				SDKROOT = iphoneos;
				TARGETED_DEVICE_FAMILY = "1,2";
			};
			name = Debug;
		};
		5901CCD61C7E061500656CE1 /* Release */ = {
			isa = XCBuildConfiguration;
			buildSettings = {
				ALWAYS_SEARCH_USER_PATHS = NO;
				CLANG_CXX_LANGUAGE_STANDARD = "gnu++0x";
				CLANG_CXX_LIBRARY = "libc++";
				CLANG_ENABLE_MODULES = YES;
				CLANG_ENABLE_OBJC_ARC = YES;
				CLANG_WARN_BOOL_CONVERSION = YES;
				CLANG_WARN_CONSTANT_CONVERSION = YES;
				CLANG_WARN_DIRECT_OBJC_ISA_USAGE = YES_ERROR;
				CLANG_WARN_EMPTY_BODY = YES;
				CLANG_WARN_ENUM_CONVERSION = YES;
				CLANG_WARN_INT_CONVERSION = YES;
				CLANG_WARN_OBJC_ROOT_CLASS = YES_ERROR;
				CLANG_WARN_UNREACHABLE_CODE = YES;
				CLANG_WARN__DUPLICATE_METHOD_MATCH = YES;
				"CODE_SIGN_IDENTITY[sdk=iphoneos*]" = "iPhone Developer";
				COPY_PHASE_STRIP = NO;
				DEBUG_INFORMATION_FORMAT = "dwarf-with-dsym";
				ENABLE_NS_ASSERTIONS = NO;
				ENABLE_STRICT_OBJC_MSGSEND = YES;
				GCC_C_LANGUAGE_STANDARD = gnu99;
				GCC_NO_COMMON_BLOCKS = YES;
				GCC_WARN_64_TO_32_BIT_CONVERSION = YES;
				GCC_WARN_ABOUT_RETURN_TYPE = YES_ERROR;
				GCC_WARN_UNDECLARED_SELECTOR = YES;
				GCC_WARN_UNINITIALIZED_AUTOS = YES_AGGRESSIVE;
				GCC_WARN_UNUSED_FUNCTION = YES;
				GCC_WARN_UNUSED_VARIABLE = YES;
				IPHONEOS_DEPLOYMENT_TARGET = 9.2;
				MTL_ENABLE_DEBUG_INFO = NO;
				SDKROOT = iphoneos;
				TARGETED_DEVICE_FAMILY = "1,2";
				VALIDATE_PRODUCT = YES;
			};
			name = Release;
		};
		5901CCD81C7E061500656CE1 /* Debug */ = {
			isa = XCBuildConfiguration;
			baseConfigurationReference = 69C30FE83D13ABC3971E672F /* Pods-zTV Series.debug.xcconfig */;
			buildSettings = {
				ASSETCATALOG_COMPILER_APPICON_NAME = AppIcon;
				GCC_PRECOMPILE_PREFIX_HEADER = YES;
				GCC_PREFIX_HEADER = "zTV Series/PrefixHeader.pch";
				INFOPLIST_FILE = "zTV Series/Info.plist";
				IPHONEOS_DEPLOYMENT_TARGET = 9.0;
				LD_RUNPATH_SEARCH_PATHS = "$(inherited) @executable_path/Frameworks";
				PRODUCT_BUNDLE_IDENTIFIER = "com.avikantz.zTV-Series";
				PRODUCT_NAME = "$(TARGET_NAME)";
			};
			name = Debug;
		};
		5901CCD91C7E061500656CE1 /* Release */ = {
			isa = XCBuildConfiguration;
			baseConfigurationReference = 1279295856E3C7C11C75B5A0 /* Pods-zTV Series.release.xcconfig */;
			buildSettings = {
				ASSETCATALOG_COMPILER_APPICON_NAME = AppIcon;
				GCC_PRECOMPILE_PREFIX_HEADER = YES;
				GCC_PREFIX_HEADER = "zTV Series/PrefixHeader.pch";
				INFOPLIST_FILE = "zTV Series/Info.plist";
				IPHONEOS_DEPLOYMENT_TARGET = 9.0;
				LD_RUNPATH_SEARCH_PATHS = "$(inherited) @executable_path/Frameworks";
				PRODUCT_BUNDLE_IDENTIFIER = "com.avikantz.zTV-Series";
				PRODUCT_NAME = "$(TARGET_NAME)";
			};
			name = Release;
		};
/* End XCBuildConfiguration section */

/* Begin XCConfigurationList section */
		5901CCBB1C7E061500656CE1 /* Build configuration list for PBXProject "zTV Series" */ = {
			isa = XCConfigurationList;
			buildConfigurations = (
				5901CCD51C7E061500656CE1 /* Debug */,
				5901CCD61C7E061500656CE1 /* Release */,
			);
			defaultConfigurationIsVisible = 0;
			defaultConfigurationName = Release;
		};
		5901CCD71C7E061500656CE1 /* Build configuration list for PBXNativeTarget "zTV Series" */ = {
			isa = XCConfigurationList;
			buildConfigurations = (
				5901CCD81C7E061500656CE1 /* Debug */,
				5901CCD91C7E061500656CE1 /* Release */,
			);
			defaultConfigurationIsVisible = 0;
			defaultConfigurationName = Release;
		};
/* End XCConfigurationList section */
	};
	rootObject = 5901CCB81C7E061500656CE1 /* Project object */;
}
